
Microsoft Visual Studio Solution File, Format Version 12.00
# Visual Studio 15
VisualStudioVersion = 15.0.26430.6
MinimumVisualStudioVersion = 10.0.40219.1
Project("{FAE04EC0-301F-11D3-BF4B-00C04F79EFBC}") = "VMLab", "VMLab\VMLab.csproj", "{3D1380EA-5BDF-4AB5-AC45-27557B23ADF0}"
EndProject
Project("{FAE04EC0-301F-11D3-BF4B-00C04F79EFBC}") = "VMLab.Contract", "VMLab.Contract\VMLab.Contract.csproj", "{2E25AB75-5542-4DFA-A7E0-58A7593A4ADA}"
EndProject
Project("{FAE04EC0-301F-11D3-BF4B-00C04F79EFBC}") = "VMLab.Hypervisor.VMwareWorkstation", "VMLab.Hypervisor.VMwareWorkstation\VMLab.Hypervisor.VMwareWorkstation.csproj", "{5FB930F2-1A4E-4F69-B78E-635ED6A49750}"
EndProject
Global
	GlobalSection(SolutionConfigurationPlatforms) = preSolution
		Debug|Any CPU = Debug|Any CPU
		Release|Any CPU = Release|Any CPU
	EndGlobalSection
	GlobalSection(ProjectConfigurationPlatforms) = postSolution
		{3D1380EA-5BDF-4AB5-AC45-27557B23ADF0}.Debug|Any CPU.ActiveCfg = Debug|Any CPU
		{3D1380EA-5BDF-4AB5-AC45-27557B23ADF0}.Debug|Any CPU.Build.0 = Debug|Any CPU
		{3D1380EA-5BDF-4AB5-AC45-27557B23ADF0}.Release|Any CPU.ActiveCfg = Release|Any CPU
		{3D1380EA-5BDF-4AB5-AC45-27557B23ADF0}.Release|Any CPU.Build.0 = Release|Any CPU
		{2E25AB75-5542-4DFA-A7E0-58A7593A4ADA}.Debug|Any CPU.ActiveCfg = Debug|Any CPU
		{2E25AB75-5542-4DFA-A7E0-58A7593A4ADA}.Debug|Any CPU.Build.0 = Debug|Any CPU
		{2E25AB75-5542-4DFA-A7E0-58A7593A4ADA}.Release|Any CPU.ActiveCfg = Release|Any CPU
		{2E25AB75-5542-4DFA-A7E0-58A7593A4ADA}.Release|Any CPU.Build.0 = Release|Any CPU
		{5FB930F2-1A4E-4F69-B78E-635ED6A49750}.Debug|Any CPU.ActiveCfg = Debug|Any CPU
		{5FB930F2-1A4E-4F69-B78E-635ED6A49750}.Debug|Any CPU.Build.0 = Debug|Any CPU
		{5FB930F2-1A4E-4F69-B78E-635ED6A49750}.Release|Any CPU.ActiveCfg = Release|Any CPU
		{5FB930F2-1A4E-4F69-B78E-635ED6A49750}.Release|Any CPU.Build.0 = Release|Any CPU
	EndGlobalSection
	GlobalSection(SolutionProperties) = preSolution
		HideSolutionNode = FALSE
	EndGlobalSection
EndGlobal
